
Microsoft Visual Studio Solution File, Format Version 12.00
# Visual Studio 15
Project("{FAE04EC0-301F-11D3-BF4B-00C04F79EFBC}") = "Assembly-CSharp", "Assembly-CSharp.csproj", "{FCC57813-79A3-0E19-D1F8-19A963D2A049}"
EndProject
Project("{FAE04EC0-301F-11D3-BF4B-00C04F79EFBC}") = "Assembly-CSharp-Editor", "Assembly-CSharp-Editor.csproj", "{3BB06A75-3771-1257-42E2-AB8B9AA03972}"
EndProject
Project("{FAE04EC0-301F-11D3-BF4B-00C04F79EFBC}") = "Facepunch Transport for Netcode for GameObjects", "Facepunch Transport for Netcode for GameObjects.csproj", "{9ED5F5AD-5973-C8A5-289A-19CB6E140F26}"
EndProject
Global
	GlobalSection(SolutionConfigurationPlatforms) = preSolution
		Debug|Any CPU = Debug|Any CPU
		Release|Any CPU = Release|Any CPU
	EndGlobalSection
	GlobalSection(ProjectConfigurationPlatforms) = postSolution
		{FCC57813-79A3-0E19-D1F8-19A963D2A049}.Debug|Any CPU.ActiveCfg = Debug|Any CPU
		{FCC57813-79A3-0E19-D1F8-19A963D2A049}.Debug|Any CPU.Build.0 = Debug|Any CPU
		{FCC57813-79A3-0E19-D1F8-19A963D2A049}.Release|Any CPU.ActiveCfg = Release|Any CPU
		{FCC57813-79A3-0E19-D1F8-19A963D2A049}.Release|Any CPU.Build.0 = Release|Any CPU
		{3BB06A75-3771-1257-42E2-AB8B9AA03972}.Debug|Any CPU.ActiveCfg = Debug|Any CPU
		{3BB06A75-3771-1257-42E2-AB8B9AA03972}.Debug|Any CPU.Build.0 = Debug|Any CPU
		{3BB06A75-3771-1257-42E2-AB8B9AA03972}.Release|Any CPU.ActiveCfg = Release|Any CPU
		{3BB06A75-3771-1257-42E2-AB8B9AA03972}.Release|Any CPU.Build.0 = Release|Any CPU
		{9ED5F5AD-5973-C8A5-289A-19CB6E140F26}.Debug|Any CPU.ActiveCfg = Debug|Any CPU
		{9ED5F5AD-5973-C8A5-289A-19CB6E140F26}.Debug|Any CPU.Build.0 = Debug|Any CPU
		{9ED5F5AD-5973-C8A5-289A-19CB6E140F26}.Release|Any CPU.ActiveCfg = Release|Any CPU
		{9ED5F5AD-5973-C8A5-289A-19CB6E140F26}.Release|Any CPU.Build.0 = Release|Any CPU
	EndGlobalSection
	GlobalSection(SolutionProperties) = preSolution
		HideSolutionNode = FALSE
	EndGlobalSection
EndGlobal
